
Microsoft Visual Studio Solution File, Format Version 12.00
# Visual Studio Version 17
VisualStudioVersion = 17.8.34322.80
MinimumVisualStudioVersion = 10.0.40219.1
Project("{9A19103F-16F7-4668-BE54-9A1E7A4F7556}") = "backend", "backend\backend.csproj", "{DBABE658-D3E4-48F8-BC91-6B1CFA6E59EF}"
EndProject
Project("{9A19103F-16F7-4668-BE54-9A1E7A4F7556}") = "PluginBase", "PluginBase\PluginBase.csproj", "{5D9923DD-2B80-49F2-B63D-E24A33C649E4}"
EndProject
Project("{9A19103F-16F7-4668-BE54-9A1E7A4F7556}") = "TruyenFullPlugin", "TruyenFullPlugin\TruyenFullPlugin.csproj", "{43DE4F1B-609E-419C-9A27-95BB691F7A2B}"
EndProject
Project("{9A19103F-16F7-4668-BE54-9A1E7A4F7556}") = "ConsoleDraft", "ConsoleDraft\ConsoleDraft.csproj", "{1DBBF0E1-DA9B-49FA-8841-C01B662EB34A}"
EndProject
Project("{9A19103F-16F7-4668-BE54-9A1E7A4F7556}") = "TangThuVienHtmlCrawler", "TangThuVienHtmlCrawler\TangThuVienHtmlCrawler.csproj", "{987892E9-5908-4B28-80D3-911DD589DFFB}"
EndProject
Project("{2150E333-8FDC-42A3-9474-1A3956D46DE8}") = "Solution Items", "Solution Items", "{A0B17C55-CA9A-4F12-8AE4-167CBB2B3037}"
	ProjectSection(SolutionItems) = preProject
		.editorconfig = .editorconfig
	EndProjectSection
EndProject
Global
	GlobalSection(SolutionConfigurationPlatforms) = preSolution
		Debug|Any CPU = Debug|Any CPU
		Release|Any CPU = Release|Any CPU
	EndGlobalSection
	GlobalSection(ProjectConfigurationPlatforms) = postSolution
		{DBABE658-D3E4-48F8-BC91-6B1CFA6E59EF}.Debug|Any CPU.ActiveCfg = Debug|Any CPU
		{DBABE658-D3E4-48F8-BC91-6B1CFA6E59EF}.Debug|Any CPU.Build.0 = Debug|Any CPU
		{DBABE658-D3E4-48F8-BC91-6B1CFA6E59EF}.Release|Any CPU.ActiveCfg = Release|Any CPU
		{DBABE658-D3E4-48F8-BC91-6B1CFA6E59EF}.Release|Any CPU.Build.0 = Release|Any CPU
		{5D9923DD-2B80-49F2-B63D-E24A33C649E4}.Debug|Any CPU.ActiveCfg = Debug|Any CPU
		{5D9923DD-2B80-49F2-B63D-E24A33C649E4}.Debug|Any CPU.Build.0 = Debug|Any CPU
		{5D9923DD-2B80-49F2-B63D-E24A33C649E4}.Release|Any CPU.ActiveCfg = Release|Any CPU
		{5D9923DD-2B80-49F2-B63D-E24A33C649E4}.Release|Any CPU.Build.0 = Release|Any CPU
		{43DE4F1B-609E-419C-9A27-95BB691F7A2B}.Debug|Any CPU.ActiveCfg = Debug|Any CPU
		{43DE4F1B-609E-419C-9A27-95BB691F7A2B}.Debug|Any CPU.Build.0 = Debug|Any CPU
		{43DE4F1B-609E-419C-9A27-95BB691F7A2B}.Release|Any CPU.ActiveCfg = Release|Any CPU
		{43DE4F1B-609E-419C-9A27-95BB691F7A2B}.Release|Any CPU.Build.0 = Release|Any CPU
		{1DBBF0E1-DA9B-49FA-8841-C01B662EB34A}.Debug|Any CPU.ActiveCfg = Debug|Any CPU
		{1DBBF0E1-DA9B-49FA-8841-C01B662EB34A}.Debug|Any CPU.Build.0 = Debug|Any CPU
		{1DBBF0E1-DA9B-49FA-8841-C01B662EB34A}.Release|Any CPU.ActiveCfg = Release|Any CPU
		{1DBBF0E1-DA9B-49FA-8841-C01B662EB34A}.Release|Any CPU.Build.0 = Release|Any CPU
		{987892E9-5908-4B28-80D3-911DD589DFFB}.Debug|Any CPU.ActiveCfg = Debug|Any CPU
		{987892E9-5908-4B28-80D3-911DD589DFFB}.Debug|Any CPU.Build.0 = Debug|Any CPU
		{987892E9-5908-4B28-80D3-911DD589DFFB}.Release|Any CPU.ActiveCfg = Release|Any CPU
		{987892E9-5908-4B28-80D3-911DD589DFFB}.Release|Any CPU.Build.0 = Release|Any CPU
	EndGlobalSection
	GlobalSection(SolutionProperties) = preSolution
		HideSolutionNode = FALSE
	EndGlobalSection
	GlobalSection(ExtensibilityGlobals) = postSolution
		SolutionGuid = {F9F542AF-3998-4D5E-A73C-B9750EB7AE72}
	EndGlobalSection
EndGlobal
